# @generated by Move, please check-in and do not edit manually.

[move]
version = 3
manifest_digest = "DC567F15DB1197ECD0177EDBD8D91C0498F23076FF591339D8E3E1CE2049DD60"
deps_digest = "F9B494B64F0615AED0E98FC12A85B85ECD2BC5185C22D30E7F67786BB52E507C"
dependencies = [
  { id = "Bridge", name = "Bridge" },
  { id = "MoveStdlib", name = "MoveStdlib" },
  { id = "Sui", name = "Sui" },
  { id = "SuiSystem", name = "SuiSystem" },
]

[[move.package]]
id = "Bridge"
source = { git = "https://github.com/MystenLabs/sui.git", rev = "25804c243d07", subdir = "crates/sui-framework/packages/bridge" }

dependencies = [
  { id = "MoveStdlib", name = "MoveStdlib" },
  { id = "Sui", name = "Sui" },
  { id = "SuiSystem", name = "SuiSystem" },
]

[[move.package]]
id = "MoveStdlib"
source = { git = "https://github.com/MystenLabs/sui.git", rev = "25804c243d07", subdir = "crates/sui-framework/packages/move-stdlib" }

[[move.package]]
id = "Sui"
source = { git = "https://github.com/MystenLabs/sui.git", rev = "25804c243d07", subdir = "crates/sui-framework/packages/sui-framework" }

dependencies = [
  { id = "MoveStdlib", name = "MoveStdlib" },
]

[[move.package]]
id = "SuiSystem"
source = { git = "https://github.com/MystenLabs/sui.git", rev = "25804c243d07", subdir = "crates/sui-framework/packages/sui-system" }

dependencies = [
  { id = "MoveStdlib", name = "MoveStdlib" },
  { id = "Sui", name = "Sui" },
]

[move.toolchain-version]
compiler-version = "1.49.2"
edition = "2024.beta"
flavor = "sui"

[env]

[env.devnet]
chain-id = "4a5f769e"
original-published-id = "0x8c1a168cd14d6f8fa7c1bb73bb7a78e8f186d2b9f6ea6c8b67027620ce023369"
latest-published-id = "0x8c1a168cd14d6f8fa7c1bb73bb7a78e8f186d2b9f6ea6c8b67027620ce023369"
published-version = "1"

[env.testnet]
chain-id = "4c78adac"
original-published-id = "0x73a6633eb68e97c058d217ee2b0c7edf618983da2b5f894c784bc5f541c11372"
latest-published-id = "0x73a6633eb68e97c058d217ee2b0c7edf618983da2b5f894c784bc5f541c11372"
published-version = "1"
